
Microsoft Visual Studio Solution File, Format Version 12.00
# Visual Studio Version 16
VisualStudioVersion = 16.0.29201.188
MinimumVisualStudioVersion = 10.0.40219.1
Project("{FAE04EC0-301F-11D3-BF4B-00C04F79EFBC}") = "free!", "free!\free!.csproj", "{AB9A22CA-F99A-4679-ADFE-AC12EEC6E03A}"
EndProject
Project("{FAE04EC0-301F-11D3-BF4B-00C04F79EFBC}") = "PresentationCompatibility", "Emerald.Utilities\PresentationCompatibility.csproj", "{A677EEE2-1FBC-4ABE-8072-39FE09CD18B6}"
EndProject
Project("{FAE04EC0-301F-11D3-BF4B-00C04F79EFBC}") = "SDLX", "SDLX\SDLX.csproj", "{2BECE7A3-3BB0-4213-A097-2698058767B4}"
EndProject
Project("{FAE04EC0-301F-11D3-BF4B-00C04F79EFBC}") = "EngineCore", "EngineCore\EngineCore.csproj", "{E90FD1A8-C4C9-4130-9A09-CEFFAAD1FCC5}"
EndProject
Project("{FAE04EC0-301F-11D3-BF4B-00C04F79EFBC}") = "Launcher", "Launcher\Launcher.csproj", "{B4B5AF1F-2D38-4E3E-BF60-98983B43A839}"
EndProject
Project("{FAE04EC0-301F-11D3-BF4B-00C04F79EFBC}") = "Emerald.Core.StaticSerialiser", "Emerald.Core.StaticSerialiser\Emerald.Core.StaticSerialiser.csproj", "{38AB7380-7162-4C5F-BAFC-37A932B34C6F}"
EndProject
Project("{FAE04EC0-301F-11D3-BF4B-00C04F79EFBC}") = "Emerald.Core.NativeInterop", "Emerald.Core.NativeInterop\Emerald.Core.NativeInterop.csproj", "{F59B01BD-CD93-4AD6-8F57-D5EB342C137B}"
EndProject
Global
	GlobalSection(SolutionConfigurationPlatforms) = preSolution
		Debug|Any CPU = Debug|Any CPU
		Debug|x64 = Debug|x64
		Debug64|Any CPU = Debug64|Any CPU
		Debug64|x64 = Debug64|x64
		Release|Any CPU = Release|Any CPU
		Release|x64 = Release|x64
	EndGlobalSection
	GlobalSection(ProjectConfigurationPlatforms) = postSolution
		{AB9A22CA-F99A-4679-ADFE-AC12EEC6E03A}.Debug|Any CPU.ActiveCfg = Debug|Any CPU
		{AB9A22CA-F99A-4679-ADFE-AC12EEC6E03A}.Debug|Any CPU.Build.0 = Debug|Any CPU
		{AB9A22CA-F99A-4679-ADFE-AC12EEC6E03A}.Debug|x64.ActiveCfg = Debug|x64
		{AB9A22CA-F99A-4679-ADFE-AC12EEC6E03A}.Debug|x64.Build.0 = Debug|x64
		{AB9A22CA-F99A-4679-ADFE-AC12EEC6E03A}.Debug64|Any CPU.ActiveCfg = Debug64|Any CPU
		{AB9A22CA-F99A-4679-ADFE-AC12EEC6E03A}.Debug64|Any CPU.Build.0 = Debug64|Any CPU
		{AB9A22CA-F99A-4679-ADFE-AC12EEC6E03A}.Debug64|x64.ActiveCfg = Debug64|x64
		{AB9A22CA-F99A-4679-ADFE-AC12EEC6E03A}.Debug64|x64.Build.0 = Debug64|x64
		{AB9A22CA-F99A-4679-ADFE-AC12EEC6E03A}.Release|Any CPU.ActiveCfg = Release|Any CPU
		{AB9A22CA-F99A-4679-ADFE-AC12EEC6E03A}.Release|Any CPU.Build.0 = Release|Any CPU
		{AB9A22CA-F99A-4679-ADFE-AC12EEC6E03A}.Release|x64.ActiveCfg = Release|x64
		{AB9A22CA-F99A-4679-ADFE-AC12EEC6E03A}.Release|x64.Build.0 = Release|x64
		{A677EEE2-1FBC-4ABE-8072-39FE09CD18B6}.Debug|Any CPU.ActiveCfg = Debug|Any CPU
		{A677EEE2-1FBC-4ABE-8072-39FE09CD18B6}.Debug|Any CPU.Build.0 = Debug|Any CPU
		{A677EEE2-1FBC-4ABE-8072-39FE09CD18B6}.Debug|x64.ActiveCfg = Debug|x64
		{A677EEE2-1FBC-4ABE-8072-39FE09CD18B6}.Debug|x64.Build.0 = Debug|x64
		{A677EEE2-1FBC-4ABE-8072-39FE09CD18B6}.Debug64|Any CPU.ActiveCfg = Debug|Any CPU
		{A677EEE2-1FBC-4ABE-8072-39FE09CD18B6}.Debug64|Any CPU.Build.0 = Debug|Any CPU
		{A677EEE2-1FBC-4ABE-8072-39FE09CD18B6}.Debug64|x64.ActiveCfg = Debug|x64
		{A677EEE2-1FBC-4ABE-8072-39FE09CD18B6}.Debug64|x64.Build.0 = Debug|x64
		{A677EEE2-1FBC-4ABE-8072-39FE09CD18B6}.Release|Any CPU.ActiveCfg = Release|Any CPU
		{A677EEE2-1FBC-4ABE-8072-39FE09CD18B6}.Release|Any CPU.Build.0 = Release|Any CPU
		{A677EEE2-1FBC-4ABE-8072-39FE09CD18B6}.Release|x64.ActiveCfg = Release|x64
		{A677EEE2-1FBC-4ABE-8072-39FE09CD18B6}.Release|x64.Build.0 = Release|x64
		{2BECE7A3-3BB0-4213-A097-2698058767B4}.Debug|Any CPU.ActiveCfg = Debug|Any CPU
		{2BECE7A3-3BB0-4213-A097-2698058767B4}.Debug|Any CPU.Build.0 = Debug|Any CPU
		{2BECE7A3-3BB0-4213-A097-2698058767B4}.Debug|x64.ActiveCfg = Debug|Any CPU
		{2BECE7A3-3BB0-4213-A097-2698058767B4}.Debug|x64.Build.0 = Debug|Any CPU
		{2BECE7A3-3BB0-4213-A097-2698058767B4}.Debug64|Any CPU.ActiveCfg = Debug|Any CPU
		{2BECE7A3-3BB0-4213-A097-2698058767B4}.Debug64|Any CPU.Build.0 = Debug|Any CPU
		{2BECE7A3-3BB0-4213-A097-2698058767B4}.Debug64|x64.ActiveCfg = Debug|Any CPU
		{2BECE7A3-3BB0-4213-A097-2698058767B4}.Debug64|x64.Build.0 = Debug|Any CPU
		{2BECE7A3-3BB0-4213-A097-2698058767B4}.Release|Any CPU.ActiveCfg = Release|Any CPU
		{2BECE7A3-3BB0-4213-A097-2698058767B4}.Release|Any CPU.Build.0 = Release|Any CPU
		{2BECE7A3-3BB0-4213-A097-2698058767B4}.Release|x64.ActiveCfg = Release|Any CPU
		{2BECE7A3-3BB0-4213-A097-2698058767B4}.Release|x64.Build.0 = Release|Any CPU
		{E90FD1A8-C4C9-4130-9A09-CEFFAAD1FCC5}.Debug|Any CPU.ActiveCfg = Debug|Any CPU
		{E90FD1A8-C4C9-4130-9A09-CEFFAAD1FCC5}.Debug|Any CPU.Build.0 = Debug|Any CPU
		{E90FD1A8-C4C9-4130-9A09-CEFFAAD1FCC5}.Debug|x64.ActiveCfg = Debug|Any CPU
		{E90FD1A8-C4C9-4130-9A09-CEFFAAD1FCC5}.Debug|x64.Build.0 = Debug|Any CPU
		{E90FD1A8-C4C9-4130-9A09-CEFFAAD1FCC5}.Debug64|Any CPU.ActiveCfg = Debug|Any CPU
		{E90FD1A8-C4C9-4130-9A09-CEFFAAD1FCC5}.Debug64|Any CPU.Build.0 = Debug|Any CPU
		{E90FD1A8-C4C9-4130-9A09-CEFFAAD1FCC5}.Debug64|x64.ActiveCfg = Debug|Any CPU
		{E90FD1A8-C4C9-4130-9A09-CEFFAAD1FCC5}.Debug64|x64.Build.0 = Debug|Any CPU
		{E90FD1A8-C4C9-4130-9A09-CEFFAAD1FCC5}.Release|Any CPU.ActiveCfg = Release|Any CPU
		{E90FD1A8-C4C9-4130-9A09-CEFFAAD1FCC5}.Release|Any CPU.Build.0 = Release|Any CPU
		{E90FD1A8-C4C9-4130-9A09-CEFFAAD1FCC5}.Release|x64.ActiveCfg = Release|Any CPU
		{E90FD1A8-C4C9-4130-9A09-CEFFAAD1FCC5}.Release|x64.Build.0 = Release|Any CPU
		{B4B5AF1F-2D38-4E3E-BF60-98983B43A839}.Debug|Any CPU.ActiveCfg = Debug|Any CPU
		{B4B5AF1F-2D38-4E3E-BF60-98983B43A839}.Debug|Any CPU.Build.0 = Debug|Any CPU
		{B4B5AF1F-2D38-4E3E-BF60-98983B43A839}.Debug|x64.ActiveCfg = Debug|Any CPU
		{B4B5AF1F-2D38-4E3E-BF60-98983B43A839}.Debug|x64.Build.0 = Debug|Any CPU
		{B4B5AF1F-2D38-4E3E-BF60-98983B43A839}.Debug64|Any CPU.ActiveCfg = Debug|Any CPU
		{B4B5AF1F-2D38-4E3E-BF60-98983B43A839}.Debug64|Any CPU.Build.0 = Debug|Any CPU
		{B4B5AF1F-2D38-4E3E-BF60-98983B43A839}.Debug64|x64.ActiveCfg = Debug|Any CPU
		{B4B5AF1F-2D38-4E3E-BF60-98983B43A839}.Debug64|x64.Build.0 = Debug|Any CPU
		{B4B5AF1F-2D38-4E3E-BF60-98983B43A839}.Release|Any CPU.ActiveCfg = Release|Any CPU
		{B4B5AF1F-2D38-4E3E-BF60-98983B43A839}.Release|Any CPU.Build.0 = Release|Any CPU
		{B4B5AF1F-2D38-4E3E-BF60-98983B43A839}.Release|x64.ActiveCfg = Release|Any CPU
		{B4B5AF1F-2D38-4E3E-BF60-98983B43A839}.Release|x64.Build.0 = Release|Any CPU
		{38AB7380-7162-4C5F-BAFC-37A932B34C6F}.Debug|Any CPU.ActiveCfg = Debug|Any CPU
		{38AB7380-7162-4C5F-BAFC-37A932B34C6F}.Debug|Any CPU.Build.0 = Debug|Any CPU
		{38AB7380-7162-4C5F-BAFC-37A932B34C6F}.Debug|x64.ActiveCfg = Debug|Any CPU
		{38AB7380-7162-4C5F-BAFC-37A932B34C6F}.Debug|x64.Build.0 = Debug|Any CPU
		{38AB7380-7162-4C5F-BAFC-37A932B34C6F}.Debug64|Any CPU.ActiveCfg = Debug|Any CPU
		{38AB7380-7162-4C5F-BAFC-37A932B34C6F}.Debug64|Any CPU.Build.0 = Debug|Any CPU
		{38AB7380-7162-4C5F-BAFC-37A932B34C6F}.Debug64|x64.ActiveCfg = Debug|Any CPU
		{38AB7380-7162-4C5F-BAFC-37A932B34C6F}.Debug64|x64.Build.0 = Debug|Any CPU
		{38AB7380-7162-4C5F-BAFC-37A932B34C6F}.Release|Any CPU.ActiveCfg = Release|Any CPU
		{38AB7380-7162-4C5F-BAFC-37A932B34C6F}.Release|Any CPU.Build.0 = Release|Any CPU
		{38AB7380-7162-4C5F-BAFC-37A932B34C6F}.Release|x64.ActiveCfg = Release|Any CPU
		{38AB7380-7162-4C5F-BAFC-37A932B34C6F}.Release|x64.Build.0 = Release|Any CPU
		{F59B01BD-CD93-4AD6-8F57-D5EB342C137B}.Debug|Any CPU.ActiveCfg = Debug|Any CPU
		{F59B01BD-CD93-4AD6-8F57-D5EB342C137B}.Debug|Any CPU.Build.0 = Debug|Any CPU
		{F59B01BD-CD93-4AD6-8F57-D5EB342C137B}.Debug|x64.ActiveCfg = Debug|Any CPU
		{F59B01BD-CD93-4AD6-8F57-D5EB342C137B}.Debug|x64.Build.0 = Debug|Any CPU
		{F59B01BD-CD93-4AD6-8F57-D5EB342C137B}.Debug64|Any CPU.ActiveCfg = Debug|Any CPU
		{F59B01BD-CD93-4AD6-8F57-D5EB342C137B}.Debug64|Any CPU.Build.0 = Debug|Any CPU
		{F59B01BD-CD93-4AD6-8F57-D5EB342C137B}.Debug64|x64.ActiveCfg = Debug|Any CPU
		{F59B01BD-CD93-4AD6-8F57-D5EB342C137B}.Debug64|x64.Build.0 = Debug|Any CPU
		{F59B01BD-CD93-4AD6-8F57-D5EB342C137B}.Release|Any CPU.ActiveCfg = Release|Any CPU
		{F59B01BD-CD93-4AD6-8F57-D5EB342C137B}.Release|Any CPU.Build.0 = Release|Any CPU
		{F59B01BD-CD93-4AD6-8F57-D5EB342C137B}.Release|x64.ActiveCfg = Release|Any CPU
		{F59B01BD-CD93-4AD6-8F57-D5EB342C137B}.Release|x64.Build.0 = Release|Any CPU
	EndGlobalSection
	GlobalSection(SolutionProperties) = preSolution
		HideSolutionNode = FALSE
	EndGlobalSection
	GlobalSection(ExtensibilityGlobals) = postSolution
		SolutionGuid = {1785D197-34AC-47D0-A342-3C50F7353613}
	EndGlobalSection
EndGlobal
