
Microsoft Visual Studio Solution File, Format Version 12.00
# Visual Studio Version 16
VisualStudioVersion = 16.0.29201.188
MinimumVisualStudioVersion = 10.0.40219.1
Project("{FAE04EC0-301F-11D3-BF4B-00C04F79EFBC}") = "free!", "free!\free!.csproj", "{AB9A22CA-F99A-4679-ADFE-AC12EEC6E03A}"
EndProject
Project("{FAE04EC0-301F-11D3-BF4B-00C04F79EFBC}") = "PresentationCompatibility", "Emerald.Utilities\PresentationCompatibility.csproj", "{A677EEE2-1FBC-4ABE-8072-39FE09CD18B6}"
EndProject
Project("{FAE04EC0-301F-11D3-BF4B-00C04F79EFBC}") = "SDLX", "SDLX\SDLX.csproj", "{2BECE7A3-3BB0-4213-A097-2698058767B4}"
EndProject
Project("{FAE04EC0-301F-11D3-BF4B-00C04F79EFBC}") = "Emerald.COM.Shared", "Emerald.COM.Shared\Emerald.COM.Shared.csproj", "{36876CBE-7B54-470C-B42D-D9BA830BB9A0}"
EndProject
Project("{FAE04EC0-301F-11D3-BF4B-00C04F79EFBC}") = "Emerald.COM.Reader", "Emerald.COM.Reader\Emerald.COM.Reader.csproj", "{A6A93016-6A95-4AE9-BB7F-9968C3F18816}"
EndProject
Project("{FAE04EC0-301F-11D3-BF4B-00C04F79EFBC}") = "Emerald.COM.Writer", "Emerald.COM.Writer\Emerald.COM.Writer.csproj", "{B53C20FD-AFB6-44F8-934C-2CCFBE4F6F95}"
EndProject
Global
	GlobalSection(SolutionConfigurationPlatforms) = preSolution
		Debug|Any CPU = Debug|Any CPU
		Debug|x64 = Debug|x64
		Debug64|Any CPU = Debug64|Any CPU
		Debug64|x64 = Debug64|x64
		Release|Any CPU = Release|Any CPU
		Release|x64 = Release|x64
	EndGlobalSection
	GlobalSection(ProjectConfigurationPlatforms) = postSolution
		{AB9A22CA-F99A-4679-ADFE-AC12EEC6E03A}.Debug|Any CPU.ActiveCfg = Debug|Any CPU
		{AB9A22CA-F99A-4679-ADFE-AC12EEC6E03A}.Debug|Any CPU.Build.0 = Debug|Any CPU
		{AB9A22CA-F99A-4679-ADFE-AC12EEC6E03A}.Debug|x64.ActiveCfg = Debug|x64
		{AB9A22CA-F99A-4679-ADFE-AC12EEC6E03A}.Debug|x64.Build.0 = Debug|x64
		{AB9A22CA-F99A-4679-ADFE-AC12EEC6E03A}.Debug64|Any CPU.ActiveCfg = Debug64|Any CPU
		{AB9A22CA-F99A-4679-ADFE-AC12EEC6E03A}.Debug64|Any CPU.Build.0 = Debug64|Any CPU
		{AB9A22CA-F99A-4679-ADFE-AC12EEC6E03A}.Debug64|x64.ActiveCfg = Debug64|x64
		{AB9A22CA-F99A-4679-ADFE-AC12EEC6E03A}.Debug64|x64.Build.0 = Debug64|x64
		{AB9A22CA-F99A-4679-ADFE-AC12EEC6E03A}.Release|Any CPU.ActiveCfg = Release|Any CPU
		{AB9A22CA-F99A-4679-ADFE-AC12EEC6E03A}.Release|Any CPU.Build.0 = Release|Any CPU
		{AB9A22CA-F99A-4679-ADFE-AC12EEC6E03A}.Release|x64.ActiveCfg = Release|x64
		{AB9A22CA-F99A-4679-ADFE-AC12EEC6E03A}.Release|x64.Build.0 = Release|x64
		{A677EEE2-1FBC-4ABE-8072-39FE09CD18B6}.Debug|Any CPU.ActiveCfg = Debug|Any CPU
		{A677EEE2-1FBC-4ABE-8072-39FE09CD18B6}.Debug|Any CPU.Build.0 = Debug|Any CPU
		{A677EEE2-1FBC-4ABE-8072-39FE09CD18B6}.Debug|x64.ActiveCfg = Debug|x64
		{A677EEE2-1FBC-4ABE-8072-39FE09CD18B6}.Debug|x64.Build.0 = Debug|x64
		{A677EEE2-1FBC-4ABE-8072-39FE09CD18B6}.Debug64|Any CPU.ActiveCfg = Debug|Any CPU
		{A677EEE2-1FBC-4ABE-8072-39FE09CD18B6}.Debug64|Any CPU.Build.0 = Debug|Any CPU
		{A677EEE2-1FBC-4ABE-8072-39FE09CD18B6}.Debug64|x64.ActiveCfg = Debug|x64
		{A677EEE2-1FBC-4ABE-8072-39FE09CD18B6}.Debug64|x64.Build.0 = Debug|x64
		{A677EEE2-1FBC-4ABE-8072-39FE09CD18B6}.Release|Any CPU.ActiveCfg = Release|Any CPU
		{A677EEE2-1FBC-4ABE-8072-39FE09CD18B6}.Release|Any CPU.Build.0 = Release|Any CPU
		{A677EEE2-1FBC-4ABE-8072-39FE09CD18B6}.Release|x64.ActiveCfg = Release|x64
		{A677EEE2-1FBC-4ABE-8072-39FE09CD18B6}.Release|x64.Build.0 = Release|x64
		{2BECE7A3-3BB0-4213-A097-2698058767B4}.Debug|Any CPU.ActiveCfg = Debug|Any CPU
		{2BECE7A3-3BB0-4213-A097-2698058767B4}.Debug|Any CPU.Build.0 = Debug|Any CPU
		{2BECE7A3-3BB0-4213-A097-2698058767B4}.Debug|x64.ActiveCfg = Debug|Any CPU
		{2BECE7A3-3BB0-4213-A097-2698058767B4}.Debug|x64.Build.0 = Debug|Any CPU
		{2BECE7A3-3BB0-4213-A097-2698058767B4}.Debug64|Any CPU.ActiveCfg = Debug|Any CPU
		{2BECE7A3-3BB0-4213-A097-2698058767B4}.Debug64|Any CPU.Build.0 = Debug|Any CPU
		{2BECE7A3-3BB0-4213-A097-2698058767B4}.Debug64|x64.ActiveCfg = Debug|Any CPU
		{2BECE7A3-3BB0-4213-A097-2698058767B4}.Debug64|x64.Build.0 = Debug|Any CPU
		{2BECE7A3-3BB0-4213-A097-2698058767B4}.Release|Any CPU.ActiveCfg = Release|Any CPU
		{2BECE7A3-3BB0-4213-A097-2698058767B4}.Release|Any CPU.Build.0 = Release|Any CPU
		{2BECE7A3-3BB0-4213-A097-2698058767B4}.Release|x64.ActiveCfg = Release|Any CPU
		{2BECE7A3-3BB0-4213-A097-2698058767B4}.Release|x64.Build.0 = Release|Any CPU
		{36876CBE-7B54-470C-B42D-D9BA830BB9A0}.Debug|Any CPU.ActiveCfg = Debug|Any CPU
		{36876CBE-7B54-470C-B42D-D9BA830BB9A0}.Debug|Any CPU.Build.0 = Debug|Any CPU
		{36876CBE-7B54-470C-B42D-D9BA830BB9A0}.Debug|x64.ActiveCfg = Debug|x64
		{36876CBE-7B54-470C-B42D-D9BA830BB9A0}.Debug|x64.Build.0 = Debug|x64
		{36876CBE-7B54-470C-B42D-D9BA830BB9A0}.Debug64|Any CPU.ActiveCfg = Debug|Any CPU
		{36876CBE-7B54-470C-B42D-D9BA830BB9A0}.Debug64|Any CPU.Build.0 = Debug|Any CPU
		{36876CBE-7B54-470C-B42D-D9BA830BB9A0}.Debug64|x64.ActiveCfg = Debug|x64
		{36876CBE-7B54-470C-B42D-D9BA830BB9A0}.Debug64|x64.Build.0 = Debug|x64
		{36876CBE-7B54-470C-B42D-D9BA830BB9A0}.Release|Any CPU.ActiveCfg = Release|Any CPU
		{36876CBE-7B54-470C-B42D-D9BA830BB9A0}.Release|Any CPU.Build.0 = Release|Any CPU
		{36876CBE-7B54-470C-B42D-D9BA830BB9A0}.Release|x64.ActiveCfg = Release|x64
		{36876CBE-7B54-470C-B42D-D9BA830BB9A0}.Release|x64.Build.0 = Release|x64
		{A6A93016-6A95-4AE9-BB7F-9968C3F18816}.Debug|Any CPU.ActiveCfg = Debug|Any CPU
		{A6A93016-6A95-4AE9-BB7F-9968C3F18816}.Debug|Any CPU.Build.0 = Debug|Any CPU
		{A6A93016-6A95-4AE9-BB7F-9968C3F18816}.Debug|x64.ActiveCfg = Debug|x64
		{A6A93016-6A95-4AE9-BB7F-9968C3F18816}.Debug|x64.Build.0 = Debug|x64
		{A6A93016-6A95-4AE9-BB7F-9968C3F18816}.Debug64|Any CPU.ActiveCfg = Debug|Any CPU
		{A6A93016-6A95-4AE9-BB7F-9968C3F18816}.Debug64|Any CPU.Build.0 = Debug|Any CPU
		{A6A93016-6A95-4AE9-BB7F-9968C3F18816}.Debug64|x64.ActiveCfg = Debug|x64
		{A6A93016-6A95-4AE9-BB7F-9968C3F18816}.Debug64|x64.Build.0 = Debug|x64
		{A6A93016-6A95-4AE9-BB7F-9968C3F18816}.Release|Any CPU.ActiveCfg = Release|Any CPU
		{A6A93016-6A95-4AE9-BB7F-9968C3F18816}.Release|Any CPU.Build.0 = Release|Any CPU
		{A6A93016-6A95-4AE9-BB7F-9968C3F18816}.Release|x64.ActiveCfg = Release|x64
		{A6A93016-6A95-4AE9-BB7F-9968C3F18816}.Release|x64.Build.0 = Release|x64
		{B53C20FD-AFB6-44F8-934C-2CCFBE4F6F95}.Debug|Any CPU.ActiveCfg = Debug|Any CPU
		{B53C20FD-AFB6-44F8-934C-2CCFBE4F6F95}.Debug|Any CPU.Build.0 = Debug|Any CPU
		{B53C20FD-AFB6-44F8-934C-2CCFBE4F6F95}.Debug|x64.ActiveCfg = Debug|x64
		{B53C20FD-AFB6-44F8-934C-2CCFBE4F6F95}.Debug|x64.Build.0 = Debug|x64
		{B53C20FD-AFB6-44F8-934C-2CCFBE4F6F95}.Debug64|Any CPU.ActiveCfg = Debug|Any CPU
		{B53C20FD-AFB6-44F8-934C-2CCFBE4F6F95}.Debug64|Any CPU.Build.0 = Debug|Any CPU
		{B53C20FD-AFB6-44F8-934C-2CCFBE4F6F95}.Debug64|x64.ActiveCfg = Debug|x64
		{B53C20FD-AFB6-44F8-934C-2CCFBE4F6F95}.Debug64|x64.Build.0 = Debug|x64
		{B53C20FD-AFB6-44F8-934C-2CCFBE4F6F95}.Release|Any CPU.ActiveCfg = Release|Any CPU
		{B53C20FD-AFB6-44F8-934C-2CCFBE4F6F95}.Release|Any CPU.Build.0 = Release|Any CPU
		{B53C20FD-AFB6-44F8-934C-2CCFBE4F6F95}.Release|x64.ActiveCfg = Release|x64
		{B53C20FD-AFB6-44F8-934C-2CCFBE4F6F95}.Release|x64.Build.0 = Release|x64
	EndGlobalSection
	GlobalSection(SolutionProperties) = preSolution
		HideSolutionNode = FALSE
	EndGlobalSection
	GlobalSection(ExtensibilityGlobals) = postSolution
		SolutionGuid = {1785D197-34AC-47D0-A342-3C50F7353613}
	EndGlobalSection
EndGlobal
